<?xml version="1.0" encoding="utf-8"?>
<Project ToolsVersion="4.0" xmlns="http://schemas.microsoft.com/developer/msbuild/2003">
  <ItemGroup>
    <Filter Include="Исходные файлы">
      <UniqueIdentifier>{4FC737F1-C7A5-4376-A066-2A32D752A2FF}</UniqueIdentifier>
      <Extensions>cpp;c;cc;cxx;c++;cppm;ixx;def;odl;idl;hpj;bat;asm;asmx</Extensions>
    </Filter>
    <Filter Include="Файлы заголовков">
      <UniqueIdentifier>{93995380-89BD-4b04-88EB-625FBE52EBFB}</UniqueIdentifier>
      <Extensions>h;hh;hpp;hxx;h++;hm;inl;inc;ipp;xsd</Extensions>
    </Filter>
    <Filter Include="Файлы ресурсов">
      <UniqueIdentifier>{67DA6AB6-F800-4c08-8B7A-83BB121AAD01}</UniqueIdentifier>
      <Extensions>rc;ico;cur;bmp;dlg;rc2;rct;bin;rgs;gif;jpg;jpeg;jpe;resx;tiff;tif;png;wav;mfcribbon-ms</Extensions>
    </Filter>
  </ItemGroup>
  <ItemGroup>
    <ClCompile Include="src\Core\Engine.cpp">
      <Filter>Исходные файлы</Filter>
    </ClCompile>
    <ClCompile Include="src\Decisions\Decision.cpp">
      <Filter>Исходные файлы</Filter>
    </ClCompile>
    <ClCompile Include="src\Entities\Enemy.cpp">
      <Filter>Исходные файлы</Filter>
    </ClCompile>
    <ClCompile Include="src\Entities\Entity.cpp">
      <Filter>Исходные файлы</Filter>
    </ClCompile>
    <ClCompile Include="src\Entities\NPC.cpp">
      <Filter>Исходные файлы</Filter>
    </ClCompile>
    <ClCompile Include="src\Entities\Player.cpp">
      <Filter>Исходные файлы</Filter>
    </ClCompile>
    <ClCompile Include="src\Entities\VillagerNPC.cpp">
      <Filter>Исходные файлы</Filter>
    </ClCompile>
    <ClCompile Include="src\Events\CombatEvent.cpp">
      <Filter>Исходные файлы</Filter>
    </ClCompile>
    <ClCompile Include="src\Events\Event.cpp">
      <Filter>Исходные файлы</Filter>
    </ClCompile>
    <ClCompile Include="src\Events\PeacefulActivityEvent.cpp">
      <Filter>Исходные файлы</Filter>
    </ClCompile>
    <ClCompile Include="src\Events\StoryDecisionEvent.cpp">
      <Filter>Исходные файлы</Filter>
    </ClCompile>
    <ClCompile Include="src\GameState\GameState.cpp">
      <Filter>Исходные файлы</Filter>
    </ClCompile>
    <ClCompile Include="src\Inventory\Inventory.cpp">
      <Filter>Исходные файлы</Filter>
    </ClCompile>
    <ClCompile Include="src\Quests\FetchQuest.cpp">
      <Filter>Исходные файлы</Filter>
    </ClCompile>
    <ClCompile Include="src\Quests\Quest.cpp">
      <Filter>Исходные файлы</Filter>
    </ClCompile>
    <ClCompile Include="src\Systems\AbilitySystem.cpp">
      <Filter>Исходные файлы</Filter>
    </ClCompile>
    <ClCompile Include="src\Systems\CombatSystem.cpp">
      <Filter>Исходные файлы</Filter>
    </ClCompile>
    <ClCompile Include="src\Systems\DecisionSystem.cpp">
      <Filter>Исходные файлы</Filter>
    </ClCompile>
    <ClCompile Include="src\Systems\QuestSystem.cpp">
      <Filter>Исходные файлы</Filter>
    </ClCompile>
    <ClCompile Include="src\Systems\RelationshipSystem.cpp">
      <Filter>Исходные файлы</Filter>
    </ClCompile>
    <ClCompile Include="src\Systems\SaveManager.cpp">
      <Filter>Исходные файлы</Filter>
    </ClCompile>
    <ClCompile Include="src\Systems\SkillSystem.cpp">
      <Filter>Исходные файлы</Filter>
    </ClCompile>
    <ClCompile Include="src\UI\UIManager.cpp">
      <Filter>Исходные файлы</Filter>
    </ClCompile>
    <ClCompile Include="src\World\GameWorld.cpp">
      <Filter>Исходные файлы</Filter>
    </ClCompile>
    <ClCompile Include="src\World\VillageLocation.cpp">
      <Filter>Исходные файлы</Filter>
    </ClCompile>
    <ClCompile Include="src\main.cpp">
      <Filter>Исходные файлы</Filter>
    </ClCompile>
    <ClCompile Include="src\World\TileMap.cpp">
      <Filter>Исходные файлы</Filter>
    </ClCompile>
    <ClCompile Include="src\World\TileBasedLocation.cpp">
      <Filter>Исходные файлы</Filter>
    </ClCompile>
    <ClCompile Include="src\World\Location.cpp">
      <Filter>Исходные файлы</Filter>
    </ClCompile>
    <ClCompile Include="src\Graphics\UISystem.cpp">
      <Filter>Исходные файлы</Filter>
    </ClCompile>
    <ClCompile Include="src\World\AdvancedWorldGenerator.cpp">
      <Filter>Исходные файлы</Filter>
    </ClCompile>
    <ClCompile Include="src\AI\AdvancedAI.cpp">
      <Filter>Исходные файлы</Filter>
    </ClCompile>
    <ClCompile Include="src\World\NoiseGenerator.cpp">
      <Filter>Исходные файлы</Filter>
    </ClCompile>
    <ClCompile Include="src\Graphics\AdvancedGraphicsSystem.cpp">
      <Filter>Исходные файлы</Filter>
    </ClCompile>
    <ClCompile Include="src\GameState\EnhancedPlayState.cpp">
      <Filter>Исходные файлы</Filter>
    </ClCompile>
    <ClCompile Include="src\World\BiomeSystem.cpp">
      <Filter>Исходные файлы</Filter>
    </ClCompile>
    <ClCompile Include="src\World\Ecosystem.cpp">
      <Filter>Исходные файлы</Filter>
    </ClCompile>
    <ClCompile Include="src\AI\MemorySystem.cpp">
      <Filter>Исходные файлы</Filter>
    </ClCompile>
    <ClCompile Include="src\AI\GoalSystem.cpp">
      <Filter>Исходные файлы</Filter>
    </ClCompile>
    <ClCompile Include="src\Graphics\ShaderManager.cpp">
      <Filter>Исходные файлы</Filter>
    </ClCompile>
    <ClCompile Include="src\AI\EmotionalSystem.cpp">
      <Filter>Исходные файлы</Filter>
    </ClCompile>
    <ClCompile Include="src\UI\InventoryUI.cpp">
      <Filter>Исходные файлы</Filter>
    </ClCompile>
    <ClCompile Include="src\UI\QuestLogUI.cpp">
      <Filter>Исходные файлы</Filter>
    </ClCompile>
    <ClCompile Include="src\Optimizations\SpatialPartition.cpp">
      <Filter>Исходные файлы</Filter>
    </ClCompile>
    <ClCompile Include="src\UI\SkillTreeUI.cpp">
      <Filter>Исходные файлы</Filter>
    </ClCompile>
    <ClCompile Include="src\Items\Item.cpp">
      <Filter>Исходные файлы</Filter>
    </ClCompile>
    <ClCompile Include="src\UI\DialogSystem.cpp">
      <Filter>Исходные файлы</Filter>
    </ClCompile>
    <ClCompile Include="src\UI\MinimapSystem.cpp">
      <Filter>Исходные файлы</Filter>
    </ClCompile>
    <ClCompile Include="src\UI\HeroDiary.cpp">
      <Filter>Исходные файлы</Filter>
    </ClCompile>
    <ClCompile Include="src\Events\EventManager.cpp">
      <Filter>Исходные файлы</Filter>
    </ClCompile>
  </ItemGroup>
  <ItemGroup>
    <ClInclude Include="src\Core\Engine.h">
      <Filter>Исходные файлы</Filter>
    </ClInclude>
    <ClInclude Include="src\Decisions\Decision.h">
      <Filter>Исходные файлы</Filter>
    </ClInclude>
    <ClInclude Include="src\Entities\Enemy.h">
      <Filter>Исходные файлы</Filter>
    </ClInclude>
    <ClInclude Include="src\Entities\Entity.h">
      <Filter>Исходные файлы</Filter>
    </ClInclude>
    <ClInclude Include="src\Entities\NPC.h">
      <Filter>Исходные файлы</Filter>
    </ClInclude>
    <ClInclude Include="src\Entities\Player.h">
      <Filter>Исходные файлы</Filter>
    </ClInclude>
    <ClInclude Include="src\Entities\VillagerNPC.h">
      <Filter>Исходные файлы</Filter>
    </ClInclude>
    <ClInclude Include="src\Events\CombatEvent.h">
      <Filter>Исходные файлы</Filter>
    </ClInclude>
    <ClInclude Include="src\Events\Event.h">
      <Filter>Исходные файлы</Filter>
    </ClInclude>
    <ClInclude Include="src\Events\PeacefulActivityEvent.h">
      <Filter>Исходные файлы</Filter>
    </ClInclude>
    <ClInclude Include="src\Events\StoryDecisionEvent.h">
      <Filter>Исходные файлы</Filter>
    </ClInclude>
    <ClInclude Include="src\GameState\GameState.h">
      <Filter>Исходные файлы</Filter>
    </ClInclude>
    <ClInclude Include="src\Inventory\Inventory.h">
      <Filter>Исходные файлы</Filter>
    </ClInclude>
    <ClInclude Include="src\Quests\FetchQuest.h">
      <Filter>Исходные файлы</Filter>
    </ClInclude>
    <ClInclude Include="src\Quests\Quest.h">
      <Filter>Исходные файлы</Filter>
    </ClInclude>
    <ClInclude Include="src\Quests\QuestTypes.h">
      <Filter>Исходные файлы</Filter>
    </ClInclude>
    <ClInclude Include="src\Systems\AbilitySystem.h">
      <Filter>Исходные файлы</Filter>
    </ClInclude>
    <ClInclude Include="src\Systems\CombatSystem.h">
      <Filter>Исходные файлы</Filter>
    </ClInclude>
    <ClInclude Include="src\Systems\DecisionSystem.h">
      <Filter>Исходные файлы</Filter>
    </ClInclude>
    <ClInclude Include="src\Systems\QuestSystem.h">
      <Filter>Исходные файлы</Filter>
    </ClInclude>
    <ClInclude Include="src\Systems\RelationshipSystem.h">
      <Filter>Исходные файлы</Filter>
    </ClInclude>
    <ClInclude Include="src\Systems\SaveManager.h">
      <Filter>Исходные файлы</Filter>
    </ClInclude>
    <ClInclude Include="src\Systems\SkillSystem.h">
      <Filter>Исходные файлы</Filter>
    </ClInclude>
    <ClInclude Include="src\Types\Types.h">
      <Filter>Исходные файлы</Filter>
    </ClInclude>
    <ClInclude Include="src\UI\UIManager.h">
      <Filter>Исходные файлы</Filter>
    </ClInclude>
    <ClInclude Include="src\World\GameWorld.h">
      <Filter>Исходные файлы</Filter>
    </ClInclude>
    <ClInclude Include="src\World\VillageLocation.h">
      <Filter>Исходные файлы</Filter>
    </ClInclude>
    <ClInclude Include="src\World\TileBasedLocation.h">
      <Filter>Исходные файлы</Filter>
    </ClInclude>
    <ClInclude Include="src\World\TileMap.h">
      <Filter>Исходные файлы</Filter>
    </ClInclude>
    <ClInclude Include="src\World\Location.h">
      <Filter>Исходные файлы</Filter>
    </ClInclude>
    <ClInclude Include="src\World\TileLayer.h">
      <Filter>Исходные файлы</Filter>
    </ClInclude>
    <ClInclude Include="src\World\AdvancedWorldGenerator.h">
      <Filter>Исходные файлы</Filter>
    </ClInclude>
    <ClInclude Include="src\AI\AdvancedAI.h">
      <Filter>Исходные файлы</Filter>
    </ClInclude>
    <ClInclude Include="src\Graphics\UISystem.h">
      <Filter>Исходные файлы</Filter>
    </ClInclude>
    <ClInclude Include="src\World\NoiseGenerator.h">
      <Filter>Исходные файлы</Filter>
    </ClInclude>
    <ClInclude Include="src\Graphics\AdvancedGraphicsSystem.h">
      <Filter>Исходные файлы</Filter>
    </ClInclude>
    <ClInclude Include="src\GameState\EnhancedPlayState.h">
      <Filter>Исходные файлы</Filter>
    </ClInclude>
    <ClInclude Include="src\UI\DialogSystem.h">
      <Filter>Исходные файлы</Filter>
    </ClInclude>
    <ClInclude Include="src\UI\MinimapSystem.h">
      <Filter>Исходные файлы</Filter>
    </ClInclude>
    <ClInclude Include="src\UI\HeroDiary.h">
      <Filter>Исходные файлы</Filter>
    </ClInclude>
    <ClInclude Include="src\World\BiomeSystem.h">
      <Filter>Исходные файлы</Filter>
    </ClInclude>
    <ClInclude Include="src\World\Ecosystem.h">
      <Filter>Исходные файлы</Filter>
    </ClInclude>
    <ClInclude Include="src\AI\MemorySystem.h">
      <Filter>Исходные файлы</Filter>
    </ClInclude>
    <ClInclude Include="src\AI\GoalSystem.h">
      <Filter>Исходные файлы</Filter>
    </ClInclude>
    <ClInclude Include="src\Graphics\ShaderManager.h">
      <Filter>Исходные файлы</Filter>
    </ClInclude>
    <ClInclude Include="src\AI\EmotionalSystem.h">
      <Filter>Исходные файлы</Filter>
    </ClInclude>
    <ClInclude Include="src\AI\AIBase.h">
      <Filter>Исходные файлы</Filter>
    </ClInclude>
    <ClInclude Include="src\AI\AIPersonality.h">
      <Filter>Исходные файлы</Filter>
    </ClInclude>
    <ClInclude Include="src\UI\InventoryUI.h">
      <Filter>Исходные файлы</Filter>
    </ClInclude>
    <ClInclude Include="src\UI\QuestLogUI.h">
      <Filter>Исходные файлы</Filter>
    </ClInclude>
    <ClInclude Include="src\Optimizations\SpatialPartition.h">
      <Filter>Исходные файлы</Filter>
    </ClInclude>
    <ClInclude Include="src\UI\SkillTreeUI.h">
      <Filter>Исходные файлы</Filter>
    </ClInclude>
    <ClInclude Include="src\Items\Item.h">
      <Filter>Исходные файлы</Filter>
    </ClInclude>
    <ClInclude Include="src\Utils\PerlinNoise.h">
      <Filter>Исходные файлы</Filter>
    </ClInclude>
    <ClInclude Include="src\Events\EventManager.h">
      <Filter>Исходные файлы</Filter>
    </ClInclude>
  </ItemGroup>
  <ItemGroup>
    <Image Include="..\x64\Debug\assets\textures\tiles\forest.png">
      <Filter>Файлы ресурсов</Filter>
    </Image>
    <Image Include="..\x64\Debug\assets\textures\tiles\grass.png">
      <Filter>Файлы ресурсов</Filter>
    </Image>
    <Image Include="..\x64\Debug\assets\textures\tiles\mountain.png">
      <Filter>Файлы ресурсов</Filter>
    </Image>
    <Image Include="..\x64\Debug\assets\textures\tiles\road.png">
      <Filter>Файлы ресурсов</Filter>
    </Image>
    <Image Include="..\x64\Debug\assets\textures\tiles\water.png">
      <Filter>Файлы ресурсов</Filter>
    </Image>
    <Image Include="..\x64\Debug\assets\textures\entities\default.png">
      <Filter>Файлы ресурсов</Filter>
    </Image>
    <Image Include="..\x64\Debug\assets\textures\entities\enemy.png">
      <Filter>Файлы ресурсов</Filter>
    </Image>
    <Image Include="..\x64\Debug\assets\textures\entities\npc.png">
      <Filter>Файлы ресурсов</Filter>
    </Image>
    <Image Include="..\x64\Debug\assets\textures\entities\player.png">
      <Filter>Файлы ресурсов</Filter>
    </Image>
    <Image Include="..\x64\Debug\assets\textures\entities\villager.png">
      <Filter>Файлы ресурсов</Filter>
    </Image>
  </ItemGroup>
  <ItemGroup>
    <Font Include="..\x64\Debug\assets\fonts\arial.ttf">
      <Filter>Файлы ресурсов</Filter>
    </Font>
    <Font Include="..\x64\Debug\assets\fonts\DejaVuSans.ttf">
      <Filter>Файлы ресурсов</Filter>
    </Font>
    <Font Include="..\x64\Debug\assets\fonts\NotoSans-Regular.ttf">
      <Filter>Файлы ресурсов</Filter>
    </Font>
  </ItemGroup>
  <ItemGroup>
    <None Include="x64\Debug\assets\shaders\lighting.frag">
      <Filter>Файлы ресурсов</Filter>
    </None>
    <None Include="x64\Debug\assets\shaders\postprocess.frag">
      <Filter>Файлы ресурсов</Filter>
    </None>
    <None Include="x64\Debug\assets\shaders\terrain.frag">
      <Filter>Файлы ресурсов</Filter>
    </None>
    <None Include="x64\Debug\assets\shaders\terrain.vert">
      <Filter>Файлы ресурсов</Filter>
    </None>
  </ItemGroup>
</Project>